{
  "name": "@sunzhongmou/math",
  "version": "0.1.1",
  "lockfileVersion": 1,
  "requires": true,
  "dependencies": {
    "@sunzhongmou/ddd": {
      "version": "0.0.1",
      "resolved": "https://registry.npmjs.org/@sunzhongmou/ddd/-/ddd-0.0.1.tgz",
      "integrity": "sha512-5Id0JYrEo1huh0wGr3Sbyo8zTr9+EnAZLUSdZ1EZm0EviPmHecadurobbVrAxT29WUx0NGFyMC6VvYYUAclZow=="
    },
    "@types/node": {
      "version": "12.19.5",
      "resolved": "https://registry.npmjs.org/@types/node/-/node-12.19.5.tgz",
      "integrity": "sha512-Wgdl27uw/jUYUFyajUGKSjDNGxmJrZi9sjeG6UJImgUtKbJoO9aldx+1XODN1EpNDX9DirvbvHHmTsNlb8GwMA==",
      "dev": true
    },
    "@types/uuid": {
      "version": "8.3.0",
      "resolved": "https://registry.npmjs.org/@types/uuid/-/uuid-8.3.0.tgz",
      "integrity": "sha512-eQ9qFW/fhfGJF8WKHGEHZEyVWfZxrT+6CLIJGBcZPfxUh/+BnEj+UCGYMlr9qZuX/2AltsvwrGqp0LhEW8D0zQ==",
      "dev": true
    },
    "uuid": {
      "version": "8.3.1",
      "resolved": "https://registry.npmjs.org/uuid/-/uuid-8.3.1.tgz",
      "integrity": "sha512-FOmRr+FmWEIG8uhZv6C2bTgEVXsHk08kE7mPlrBbEe+c3r9pjceVPgupIfNIhc4yx55H69OXANrUaSuu9eInKg=="
    }
  }
}
